
Microsoft Visual Studio Solution File, Format Version 12.00
# Visual Studio Version 16
VisualStudioVersion = 16.0.30717.126
MinimumVisualStudioVersion = 10.0.40219.1
Project("{9A19103F-16F7-4668-BE54-9A1E7A4F7556}") = "ArticleManager", "ArticleManager.csproj", "{763C19CF-DC75-41DA-9D37-2AD4A6AEB679}"
EndProject
Global
	GlobalSection(SolutionConfigurationPlatforms) = preSolution
		Debug|Any CPU = Debug|Any CPU
		Release|Any CPU = Release|Any CPU
	EndGlobalSection
	GlobalSection(ProjectConfigurationPlatforms) = postSolution
		{763C19CF-DC75-41DA-9D37-2AD4A6AEB679}.Debug|Any CPU.ActiveCfg = Debug|Any CPU
		{763C19CF-DC75-41DA-9D37-2AD4A6AEB679}.Debug|Any CPU.Build.0 = Debug|Any CPU
		{763C19CF-DC75-41DA-9D37-2AD4A6AEB679}.Release|Any CPU.ActiveCfg = Release|Any CPU
		{763C19CF-DC75-41DA-9D37-2AD4A6AEB679}.Release|Any CPU.Build.0 = Release|Any CPU
	EndGlobalSection
	GlobalSection(SolutionProperties) = preSolution
		HideSolutionNode = FALSE
	EndGlobalSection
	GlobalSection(ExtensibilityGlobals) = postSolution
		SolutionGuid = {D67B0C8A-E3CD-4201-BB67-23C3B0210BD8}
	EndGlobalSection
EndGlobal
